
Microsoft Visual Studio Solution File, Format Version 12.00
# Visual Studio Version 17
VisualStudioVersion = 17.0.31903.59
MinimumVisualStudioVersion = 10.0.40219.1
Project("{2150E333-8FDC-42A3-9474-1A3956D46DE8}") = "e2e", "e2e", "{0A2C1295-FD98-4CCC-921E-78648AA498EF}"
EndProject
Project("{FAE04EC0-301F-11D3-BF4B-00C04F79EFBC}") = "Application.IntegrationTests", "e2e\Application.IntegrationTests\Application.IntegrationTests.csproj", "{23CE26BF-26F0-40F4-A39A-89DE97A080DE}"
EndProject
Project("{FAE04EC0-301F-11D3-BF4B-00C04F79EFBC}") = "Management.Interface.IntegrationTests", "e2e\Management.Interface.IntegrationTests\Management.Interface.IntegrationTests.csproj", "{357EF7AC-F93C-4917-A583-C3D0971CCA30}"
EndProject
Project("{FAE04EC0-301F-11D3-BF4B-00C04F79EFBC}") = "Service.Interface.IntegrationTests", "e2e\Service.Interface.IntegrationTests\Service.Interface.IntegrationTests.csproj", "{61F1A6CD-1A92-4783-8591-26DBBB0FFF4D}"
EndProject
Project("{FAE04EC0-301F-11D3-BF4B-00C04F79EFBC}") = "Worker.IntegrationTests", "e2e\Worker.IntegrationTests\Worker.IntegrationTests.csproj", "{E2368C16-F243-4A45-A232-BD6BD8537880}"
EndProject
Project("{2150E333-8FDC-42A3-9474-1A3956D46DE8}") = "src", "src", "{4A926E3E-143B-4F74-AC44-83E3776BB517}"
EndProject
Project("{FAE04EC0-301F-11D3-BF4B-00C04F79EFBC}") = "Application", "src\Application\Application.csproj", "{089AE3C6-7A4A-4F2C-8ADF-EFBFC30B2AA1}"
EndProject
Project("{FAE04EC0-301F-11D3-BF4B-00C04F79EFBC}") = "Worker", "src\Worker\Worker.csproj", "{30FCB2A2-7C32-4D04-B849-0E9863529B87}"
EndProject
Project("{FAE04EC0-301F-11D3-BF4B-00C04F79EFBC}") = "Management.Interface", "src\Management.Interface\Management.Interface.csproj", "{D455061B-D9B8-45EC-AFFC-C0FC9531FE8E}"
EndProject
Project("{FAE04EC0-301F-11D3-BF4B-00C04F79EFBC}") = "Service.Interface", "src\Service.Interface\Service.Interface.csproj", "{4C0BE204-A0C4-4311-96DE-1F231494A6FD}"
EndProject
Project("{2150E333-8FDC-42A3-9474-1A3956D46DE8}") = "test", "test", "{1F098DA7-F6EC-4B33-AF69-CF83642F28C3}"
EndProject
Project("{FAE04EC0-301F-11D3-BF4B-00C04F79EFBC}") = "Worker.Tests", "test\Worker.Tests\Worker.Tests.csproj", "{151E60CC-D871-48DE-8514-5368BB7D6781}"
EndProject
Project("{FAE04EC0-301F-11D3-BF4B-00C04F79EFBC}") = "Application.Tests", "test\Application.Tests\Application.Tests.csproj", "{6C8D79E6-A126-4DD8-A7CA-5E421AFA0186}"
EndProject
Project("{FAE04EC0-301F-11D3-BF4B-00C04F79EFBC}") = "Management.Interface.Tests", "test\Management.Interface.Tests\Management.Interface.Tests.csproj", "{583D6E30-C44E-4542-8045-F3C55BC04936}"
EndProject
Project("{FAE04EC0-301F-11D3-BF4B-00C04F79EFBC}") = "Service.Interface.Tests", "test\Service.Interface.Tests\Service.Interface.Tests.csproj", "{087440E0-36E9-40F2-A1F9-ED3974719559}"
EndProject
Project("{2150E333-8FDC-42A3-9474-1A3956D46DE8}") = "common", "common", "{302C054F-B33F-4DDD-A526-70E4110E31A7}"
EndProject
Project("{FAE04EC0-301F-11D3-BF4B-00C04F79EFBC}") = "Test.Common", "common\Test.Common\Test.Common.csproj", "{135087C8-0CAB-4697-BFF7-48D85F5A9D08}"
EndProject
Global
	GlobalSection(SolutionConfigurationPlatforms) = preSolution
		Debug|Any CPU = Debug|Any CPU
		Release|Any CPU = Release|Any CPU
	EndGlobalSection
	GlobalSection(SolutionProperties) = preSolution
		HideSolutionNode = FALSE
	EndGlobalSection
	GlobalSection(ProjectConfigurationPlatforms) = postSolution
		{23CE26BF-26F0-40F4-A39A-89DE97A080DE}.Debug|Any CPU.ActiveCfg = Debug|Any CPU
		{23CE26BF-26F0-40F4-A39A-89DE97A080DE}.Debug|Any CPU.Build.0 = Debug|Any CPU
		{23CE26BF-26F0-40F4-A39A-89DE97A080DE}.Release|Any CPU.ActiveCfg = Release|Any CPU
		{23CE26BF-26F0-40F4-A39A-89DE97A080DE}.Release|Any CPU.Build.0 = Release|Any CPU
		{357EF7AC-F93C-4917-A583-C3D0971CCA30}.Debug|Any CPU.ActiveCfg = Debug|Any CPU
		{357EF7AC-F93C-4917-A583-C3D0971CCA30}.Debug|Any CPU.Build.0 = Debug|Any CPU
		{357EF7AC-F93C-4917-A583-C3D0971CCA30}.Release|Any CPU.ActiveCfg = Release|Any CPU
		{357EF7AC-F93C-4917-A583-C3D0971CCA30}.Release|Any CPU.Build.0 = Release|Any CPU
		{61F1A6CD-1A92-4783-8591-26DBBB0FFF4D}.Debug|Any CPU.ActiveCfg = Debug|Any CPU
		{61F1A6CD-1A92-4783-8591-26DBBB0FFF4D}.Debug|Any CPU.Build.0 = Debug|Any CPU
		{61F1A6CD-1A92-4783-8591-26DBBB0FFF4D}.Release|Any CPU.ActiveCfg = Release|Any CPU
		{61F1A6CD-1A92-4783-8591-26DBBB0FFF4D}.Release|Any CPU.Build.0 = Release|Any CPU
		{E2368C16-F243-4A45-A232-BD6BD8537880}.Debug|Any CPU.ActiveCfg = Debug|Any CPU
		{E2368C16-F243-4A45-A232-BD6BD8537880}.Debug|Any CPU.Build.0 = Debug|Any CPU
		{E2368C16-F243-4A45-A232-BD6BD8537880}.Release|Any CPU.ActiveCfg = Release|Any CPU
		{E2368C16-F243-4A45-A232-BD6BD8537880}.Release|Any CPU.Build.0 = Release|Any CPU
		{089AE3C6-7A4A-4F2C-8ADF-EFBFC30B2AA1}.Debug|Any CPU.ActiveCfg = Debug|Any CPU
		{089AE3C6-7A4A-4F2C-8ADF-EFBFC30B2AA1}.Debug|Any CPU.Build.0 = Debug|Any CPU
		{089AE3C6-7A4A-4F2C-8ADF-EFBFC30B2AA1}.Release|Any CPU.ActiveCfg = Release|Any CPU
		{089AE3C6-7A4A-4F2C-8ADF-EFBFC30B2AA1}.Release|Any CPU.Build.0 = Release|Any CPU
		{30FCB2A2-7C32-4D04-B849-0E9863529B87}.Debug|Any CPU.ActiveCfg = Debug|Any CPU
		{30FCB2A2-7C32-4D04-B849-0E9863529B87}.Debug|Any CPU.Build.0 = Debug|Any CPU
		{30FCB2A2-7C32-4D04-B849-0E9863529B87}.Release|Any CPU.ActiveCfg = Release|Any CPU
		{30FCB2A2-7C32-4D04-B849-0E9863529B87}.Release|Any CPU.Build.0 = Release|Any CPU
		{D455061B-D9B8-45EC-AFFC-C0FC9531FE8E}.Debug|Any CPU.ActiveCfg = Debug|Any CPU
		{D455061B-D9B8-45EC-AFFC-C0FC9531FE8E}.Debug|Any CPU.Build.0 = Debug|Any CPU
		{D455061B-D9B8-45EC-AFFC-C0FC9531FE8E}.Release|Any CPU.ActiveCfg = Release|Any CPU
		{D455061B-D9B8-45EC-AFFC-C0FC9531FE8E}.Release|Any CPU.Build.0 = Release|Any CPU
		{4C0BE204-A0C4-4311-96DE-1F231494A6FD}.Debug|Any CPU.ActiveCfg = Debug|Any CPU
		{4C0BE204-A0C4-4311-96DE-1F231494A6FD}.Debug|Any CPU.Build.0 = Debug|Any CPU
		{4C0BE204-A0C4-4311-96DE-1F231494A6FD}.Release|Any CPU.ActiveCfg = Release|Any CPU
		{4C0BE204-A0C4-4311-96DE-1F231494A6FD}.Release|Any CPU.Build.0 = Release|Any CPU
		{151E60CC-D871-48DE-8514-5368BB7D6781}.Debug|Any CPU.ActiveCfg = Debug|Any CPU
		{151E60CC-D871-48DE-8514-5368BB7D6781}.Debug|Any CPU.Build.0 = Debug|Any CPU
		{151E60CC-D871-48DE-8514-5368BB7D6781}.Release|Any CPU.ActiveCfg = Release|Any CPU
		{151E60CC-D871-48DE-8514-5368BB7D6781}.Release|Any CPU.Build.0 = Release|Any CPU
		{6C8D79E6-A126-4DD8-A7CA-5E421AFA0186}.Debug|Any CPU.ActiveCfg = Debug|Any CPU
		{6C8D79E6-A126-4DD8-A7CA-5E421AFA0186}.Debug|Any CPU.Build.0 = Debug|Any CPU
		{6C8D79E6-A126-4DD8-A7CA-5E421AFA0186}.Release|Any CPU.ActiveCfg = Release|Any CPU
		{6C8D79E6-A126-4DD8-A7CA-5E421AFA0186}.Release|Any CPU.Build.0 = Release|Any CPU
		{583D6E30-C44E-4542-8045-F3C55BC04936}.Debug|Any CPU.ActiveCfg = Debug|Any CPU
		{583D6E30-C44E-4542-8045-F3C55BC04936}.Debug|Any CPU.Build.0 = Debug|Any CPU
		{583D6E30-C44E-4542-8045-F3C55BC04936}.Release|Any CPU.ActiveCfg = Release|Any CPU
		{583D6E30-C44E-4542-8045-F3C55BC04936}.Release|Any CPU.Build.0 = Release|Any CPU
		{087440E0-36E9-40F2-A1F9-ED3974719559}.Debug|Any CPU.ActiveCfg = Debug|Any CPU
		{087440E0-36E9-40F2-A1F9-ED3974719559}.Debug|Any CPU.Build.0 = Debug|Any CPU
		{087440E0-36E9-40F2-A1F9-ED3974719559}.Release|Any CPU.ActiveCfg = Release|Any CPU
		{087440E0-36E9-40F2-A1F9-ED3974719559}.Release|Any CPU.Build.0 = Release|Any CPU
		{135087C8-0CAB-4697-BFF7-48D85F5A9D08}.Debug|Any CPU.ActiveCfg = Debug|Any CPU
		{135087C8-0CAB-4697-BFF7-48D85F5A9D08}.Debug|Any CPU.Build.0 = Debug|Any CPU
		{135087C8-0CAB-4697-BFF7-48D85F5A9D08}.Release|Any CPU.ActiveCfg = Release|Any CPU
		{135087C8-0CAB-4697-BFF7-48D85F5A9D08}.Release|Any CPU.Build.0 = Release|Any CPU
	EndGlobalSection
	GlobalSection(NestedProjects) = preSolution
		{23CE26BF-26F0-40F4-A39A-89DE97A080DE} = {0A2C1295-FD98-4CCC-921E-78648AA498EF}
		{357EF7AC-F93C-4917-A583-C3D0971CCA30} = {0A2C1295-FD98-4CCC-921E-78648AA498EF}
		{61F1A6CD-1A92-4783-8591-26DBBB0FFF4D} = {0A2C1295-FD98-4CCC-921E-78648AA498EF}
		{E2368C16-F243-4A45-A232-BD6BD8537880} = {0A2C1295-FD98-4CCC-921E-78648AA498EF}
		{089AE3C6-7A4A-4F2C-8ADF-EFBFC30B2AA1} = {4A926E3E-143B-4F74-AC44-83E3776BB517}
		{30FCB2A2-7C32-4D04-B849-0E9863529B87} = {4A926E3E-143B-4F74-AC44-83E3776BB517}
		{D455061B-D9B8-45EC-AFFC-C0FC9531FE8E} = {4A926E3E-143B-4F74-AC44-83E3776BB517}
		{4C0BE204-A0C4-4311-96DE-1F231494A6FD} = {4A926E3E-143B-4F74-AC44-83E3776BB517}
		{151E60CC-D871-48DE-8514-5368BB7D6781} = {1F098DA7-F6EC-4B33-AF69-CF83642F28C3}
		{6C8D79E6-A126-4DD8-A7CA-5E421AFA0186} = {1F098DA7-F6EC-4B33-AF69-CF83642F28C3}
		{583D6E30-C44E-4542-8045-F3C55BC04936} = {1F098DA7-F6EC-4B33-AF69-CF83642F28C3}
		{087440E0-36E9-40F2-A1F9-ED3974719559} = {1F098DA7-F6EC-4B33-AF69-CF83642F28C3}
		{135087C8-0CAB-4697-BFF7-48D85F5A9D08} = {302C054F-B33F-4DDD-A526-70E4110E31A7}
	EndGlobalSection
EndGlobal
